// !$*UTF8*$!
{
	archiveVersion = 1;
	classes = {
	};
	objectVersion = 56;
	objects = {

/* Begin PBXBuildFile section */
		9448FA0F29A3DE7B00EBD879 /* ViewController.swift in Sources */ = {isa = PBXBuildFile; fileRef = 9448FA0E29A3DE7B00EBD879 /* ViewController.swift */; };
		9448FA1129A3ED0500EBD879 /* WindowController.swift in Sources */ = {isa = PBXBuildFile; fileRef = 9448FA1029A3ED0500EBD879 /* WindowController.swift */; };
		944F5AE629A2B5F9006CE429 /* AppDelegate.swift in Sources */ = {isa = PBXBuildFile; fileRef = 944F5AE529A2B5F9006CE429 /* AppDelegate.swift */; };
		944F5AEA29A2B5FA006CE429 /* Assets.xcassets in Resources */ = {isa = PBXBuildFile; fileRef = 944F5AE929A2B5FA006CE429 /* Assets.xcassets */; };
		944F5AED29A2B5FA006CE429 /* Main.storyboard in Resources */ = {isa = PBXBuildFile; fileRef = 944F5AEB29A2B5FA006CE429 /* Main.storyboard */; };
		944F5AFF29A2B875006CE429 /* nssl0049.jpg in Resources */ = {isa = PBXBuildFile; fileRef = 944F5AF529A2B875006CE429 /* nssl0049.jpg */; };
		944F5B0029A2B875006CE429 /* nssl0046.jpg in Resources */ = {isa = PBXBuildFile; fileRef = 944F5AF629A2B875006CE429 /* nssl0046.jpg */; };
		944F5B0129A2B875006CE429 /* nssl0091.jpg in Resources */ = {isa = PBXBuildFile; fileRef = 944F5AF729A2B875006CE429 /* nssl0091.jpg */; };
		944F5B0229A2B875006CE429 /* nssl0045.jpg in Resources */ = {isa = PBXBuildFile; fileRef = 944F5AF829A2B875006CE429 /* nssl0045.jpg */; };
		944F5B0329A2B875006CE429 /* nssl0051.jpg in Resources */ = {isa = PBXBuildFile; fileRef = 944F5AF929A2B875006CE429 /* nssl0051.jpg */; };
		944F5B0429A2B875006CE429 /* nssl0041.jpg in Resources */ = {isa = PBXBuildFile; fileRef = 944F5AFA29A2B875006CE429 /* nssl0041.jpg */; };
		944F5B0529A2B875006CE429 /* nssl0042.jpg in Resources */ = {isa = PBXBuildFile; fileRef = 944F5AFB29A2B875006CE429 /* nssl0042.jpg */; };
		944F5B0629A2B875006CE429 /* nssl0043.jpg in Resources */ = {isa = PBXBuildFile; fileRef = 944F5AFC29A2B875006CE429 /* nssl0043.jpg */; };
		944F5B0729A2B875006CE429 /* nssl0033.jpg in Resources */ = {isa = PBXBuildFile; fileRef = 944F5AFD29A2B875006CE429 /* nssl0033.jpg */; };
		944F5B0829A2B875006CE429 /* nssl0034.jpg in Resources */ = {isa = PBXBuildFile; fileRef = 944F5AFE29A2B875006CE429 /* nssl0034.jpg */; };
		944F5B0A29A2BAD6006CE429 /* SourceViewController.swift in Sources */ = {isa = PBXBuildFile; fileRef = 944F5B0929A2BAD6006CE429 /* SourceViewController.swift */; };
		944F5B0C29A2BB89006CE429 /* DetailViewController.swift in Sources */ = {isa = PBXBuildFile; fileRef = 944F5B0B29A2BB89006CE429 /* DetailViewController.swift */; };
/* End PBXBuildFile section */

/* Begin PBXFileReference section */
		9448FA0E29A3DE7B00EBD879 /* ViewController.swift */ = {isa = PBXFileReference; lastKnownFileType = sourcecode.swift; path = ViewController.swift; sourceTree = "<group>"; };
		9448FA1029A3ED0500EBD879 /* WindowController.swift */ = {isa = PBXFileReference; lastKnownFileType = sourcecode.swift; path = WindowController.swift; sourceTree = "<group>"; };
		944F5AE229A2B5F9006CE429 /* StormViewer-Macos.app */ = {isa = PBXFileReference; explicitFileType = wrapper.application; includeInIndex = 0; path = "StormViewer-Macos.app"; sourceTree = BUILT_PRODUCTS_DIR; };
		944F5AE529A2B5F9006CE429 /* AppDelegate.swift */ = {isa = PBXFileReference; lastKnownFileType = sourcecode.swift; path = AppDelegate.swift; sourceTree = "<group>"; };
		944F5AE929A2B5FA006CE429 /* Assets.xcassets */ = {isa = PBXFileReference; lastKnownFileType = folder.assetcatalog; path = Assets.xcassets; sourceTree = "<group>"; };
		944F5AEC29A2B5FA006CE429 /* Base */ = {isa = PBXFileReference; lastKnownFileType = file.storyboard; name = Base; path = Base.lproj/Main.storyboard; sourceTree = "<group>"; };
		944F5AEE29A2B5FA006CE429 /* StormViewer_Macos.entitlements */ = {isa = PBXFileReference; lastKnownFileType = text.plist.entitlements; path = StormViewer_Macos.entitlements; sourceTree = "<group>"; };
		944F5AF529A2B875006CE429 /* nssl0049.jpg */ = {isa = PBXFileReference; lastKnownFileType = image.jpeg; path = nssl0049.jpg; sourceTree = "<group>"; };
		944F5AF629A2B875006CE429 /* nssl0046.jpg */ = {isa = PBXFileReference; lastKnownFileType = image.jpeg; path = nssl0046.jpg; sourceTree = "<group>"; };
		944F5AF729A2B875006CE429 /* nssl0091.jpg */ = {isa = PBXFileReference; lastKnownFileType = image.jpeg; path = nssl0091.jpg; sourceTree = "<group>"; };
		944F5AF829A2B875006CE429 /* nssl0045.jpg */ = {isa = PBXFileReference; lastKnownFileType = image.jpeg; path = nssl0045.jpg; sourceTree = "<group>"; };
		944F5AF929A2B875006CE429 /* nssl0051.jpg */ = {isa = PBXFileReference; lastKnownFileType = image.jpeg; path = nssl0051.jpg; sourceTree = "<group>"; };
		944F5AFA29A2B875006CE429 /* nssl0041.jpg */ = {isa = PBXFileReference; lastKnownFileType = image.jpeg; path = nssl0041.jpg; sourceTree = "<group>"; };
		944F5AFB29A2B875006CE429 /* nssl0042.jpg */ = {isa = PBXFileReference; lastKnownFileType = image.jpeg; path = nssl0042.jpg; sourceTree = "<group>"; };
		944F5AFC29A2B875006CE429 /* nssl0043.jpg */ = {isa = PBXFileReference; lastKnownFileType = image.jpeg; path = nssl0043.jpg; sourceTree = "<group>"; };
		944F5AFD29A2B875006CE429 /* nssl0033.jpg */ = {isa = PBXFileReference; lastKnownFileType = image.jpeg; path = nssl0033.jpg; sourceTree = "<group>"; };
		944F5AFE29A2B875006CE429 /* nssl0034.jpg */ = {isa = PBXFileReference; lastKnownFileType = image.jpeg; path = nssl0034.jpg; sourceTree = "<group>"; };
		944F5B0929A2BAD6006CE429 /* SourceViewController.swift */ = {isa = PBXFileReference; lastKnownFileType = sourcecode.swift; path = SourceViewController.swift; sourceTree = "<group>"; };
		944F5B0B29A2BB89006CE429 /* DetailViewController.swift */ = {isa = PBXFileReference; lastKnownFileType = sourcecode.swift; path = DetailViewController.swift; sourceTree = "<group>"; };
/* End PBXFileReference section */

/* Begin PBXFrameworksBuildPhase section */
		944F5ADF29A2B5F9006CE429 /* Frameworks */ = {
			isa = PBXFrameworksBuildPhase;
			buildActionMask = 2147483647;
			files = (
			);
			runOnlyForDeploymentPostprocessing = 0;
		};
/* End PBXFrameworksBuildPhase section */

/* Begin PBXGroup section */
		944F5AD929A2B5F9006CE429 = {
			isa = PBXGroup;
			children = (
				944F5AE429A2B5F9006CE429 /* StormViewer-Macos */,
				944F5AE329A2B5F9006CE429 /* Products */,
			);
			sourceTree = "<group>";
		};
		944F5AE329A2B5F9006CE429 /* Products */ = {
			isa = PBXGroup;
			children = (
				944F5AE229A2B5F9006CE429 /* StormViewer-Macos.app */,
			);
			name = Products;
			sourceTree = "<group>";
		};
		944F5AE429A2B5F9006CE429 /* StormViewer-Macos */ = {
			isa = PBXGroup;
			children = (
				944F5AE529A2B5F9006CE429 /* AppDelegate.swift */,
				944F5AE929A2B5FA006CE429 /* Assets.xcassets */,
				944F5AEB29A2B5FA006CE429 /* Main.storyboard */,
				9448FA1029A3ED0500EBD879 /* WindowController.swift */,
				9448FA0E29A3DE7B00EBD879 /* ViewController.swift */,
				944F5B0929A2BAD6006CE429 /* SourceViewController.swift */,
				944F5B0B29A2BB89006CE429 /* DetailViewController.swift */,
				944F5AEE29A2B5FA006CE429 /* StormViewer_Macos.entitlements */,
				944F5AF429A2B875006CE429 /* Content */,
			);
			path = "StormViewer-Macos";
			sourceTree = "<group>";
		};
		944F5AF429A2B875006CE429 /* Content */ = {
			isa = PBXGroup;
			children = (
				944F5AF529A2B875006CE429 /* nssl0049.jpg */,
				944F5AF629A2B875006CE429 /* nssl0046.jpg */,
				944F5AF729A2B875006CE429 /* nssl0091.jpg */,
				944F5AF829A2B875006CE429 /* nssl0045.jpg */,
				944F5AF929A2B875006CE429 /* nssl0051.jpg */,
				944F5AFA29A2B875006CE429 /* nssl0041.jpg */,
				944F5AFB29A2B875006CE429 /* nssl0042.jpg */,
				944F5AFC29A2B875006CE429 /* nssl0043.jpg */,
				944F5AFD29A2B875006CE429 /* nssl0033.jpg */,
				944F5AFE29A2B875006CE429 /* nssl0034.jpg */,
			);
			path = Content;
			sourceTree = "<group>";
		};
/* End PBXGroup section */

/* Begin PBXNativeTarget section */
		944F5AE129A2B5F9006CE429 /* StormViewer-Macos */ = {
			isa = PBXNativeTarget;
			buildConfigurationList = 944F5AF129A2B5FA006CE429 /* Build configuration list for PBXNativeTarget "StormViewer-Macos" */;
			buildPhases = (
				944F5ADE29A2B5F9006CE429 /* Sources */,
				944F5ADF29A2B5F9006CE429 /* Frameworks */,
				944F5AE029A2B5F9006CE429 /* Resources */,
			);
			buildRules = (
			);
			dependencies = (
			);
			name = "StormViewer-Macos";
			productName = "StormViewer-Macos";
			productReference = 944F5AE229A2B5F9006CE429 /* StormViewer-Macos.app */;
			productType = "com.apple.product-type.application";
		};
/* End PBXNativeTarget section */

/* Begin PBXProject section */
		944F5ADA29A2B5F9006CE429 /* Project object */ = {
			isa = PBXProject;
			attributes = {
				BuildIndependentTargetsInParallel = 1;
				LastSwiftUpdateCheck = 1420;
				LastUpgradeCheck = 1420;
				TargetAttributes = {
					944F5AE129A2B5F9006CE429 = {
						CreatedOnToolsVersion = 14.2;
					};
				};
			};
			buildConfigurationList = 944F5ADD29A2B5F9006CE429 /* Build configuration list for PBXProject "StormViewer-Macos" */;
			compatibilityVersion = "Xcode 14.0";
			developmentRegion = en;
			hasScannedForEncodings = 0;
			knownRegions = (
				en,
				Base,
			);
			mainGroup = 944F5AD929A2B5F9006CE429;
			productRefGroup = 944F5AE329A2B5F9006CE429 /* Products */;
			projectDirPath = "";
			projectRoot = "";
			targets = (
				944F5AE129A2B5F9006CE429 /* StormViewer-Macos */,
			);
		};
/* End PBXProject section */

/* Begin PBXResourcesBuildPhase section */
		944F5AE029A2B5F9006CE429 /* Resources */ = {
			isa = PBXResourcesBuildPhase;
			buildActionMask = 2147483647;
			files = (
				944F5B0629A2B875006CE429 /* nssl0043.jpg in Resources */,
				944F5B0729A2B875006CE429 /* nssl0033.jpg in Resources */,
				944F5B0429A2B875006CE429 /* nssl0041.jpg in Resources */,
				944F5B0129A2B875006CE429 /* nssl0091.jpg in Resources */,
				944F5B0329A2B875006CE429 /* nssl0051.jpg in Resources */,
				944F5AEA29A2B5FA006CE429 /* Assets.xcassets in Resources */,
				944F5B0529A2B875006CE429 /* nssl0042.jpg in Resources */,
				944F5B0029A2B875006CE429 /* nssl0046.jpg in Resources */,
				944F5AFF29A2B875006CE429 /* nssl0049.jpg in Resources */,
				944F5B0229A2B875006CE429 /* nssl0045.jpg in Resources */,
				944F5B0829A2B875006CE429 /* nssl0034.jpg in Resources */,
				944F5AED29A2B5FA006CE429 /* Main.storyboard in Resources */,
			);
			runOnlyForDeploymentPostprocessing = 0;
		};
/* End PBXResourcesBuildPhase section */

/* Begin PBXSourcesBuildPhase section */
		944F5ADE29A2B5F9006CE429 /* Sources */ = {
			isa = PBXSourcesBuildPhase;
			buildActionMask = 2147483647;
			files = (
				944F5AE629A2B5F9006CE429 /* AppDelegate.swift in Sources */,
				9448FA1129A3ED0500EBD879 /* WindowController.swift in Sources */,
				944F5B0A29A2BAD6006CE429 /* SourceViewController.swift in Sources */,
				9448FA0F29A3DE7B00EBD879 /* ViewController.swift in Sources */,
				944F5B0C29A2BB89006CE429 /* DetailViewController.swift in Sources */,
			);
			runOnlyForDeploymentPostprocessing = 0;
		};
/* End PBXSourcesBuildPhase section */

/* Begin PBXVariantGroup section */
		944F5AEB29A2B5FA006CE429 /* Main.storyboard */ = {
			isa = PBXVariantGroup;
			children = (
				944F5AEC29A2B5FA006CE429 /* Base */,
			);
			name = Main.storyboard;
			sourceTree = "<group>";
		};
/* End PBXVariantGroup section */

/* Begin XCBuildConfiguration section */
		944F5AEF29A2B5FA006CE429 /* Debug */ = {
			isa = XCBuildConfiguration;
			buildSettings = {
				ALWAYS_SEARCH_USER_PATHS = NO;
				CLANG_ANALYZER_NONNULL = YES;
				CLANG_ANALYZER_NUMBER_OBJECT_CONVERSION = YES_AGGRESSIVE;
				CLANG_CXX_LANGUAGE_STANDARD = "gnu++20";
				CLANG_ENABLE_MODULES = YES;
				CLANG_ENABLE_OBJC_ARC = YES;
				CLANG_ENABLE_OBJC_WEAK = YES;
				CLANG_WARN_BLOCK_CAPTURE_AUTORELEASING = YES;
				CLANG_WARN_BOOL_CONVERSION = YES;
				CLANG_WARN_COMMA = YES;
				CLANG_WARN_CONSTANT_CONVERSION = YES;
				CLANG_WARN_DEPRECATED_OBJC_IMPLEMENTATIONS = YES;
				CLANG_WARN_DIRECT_OBJC_ISA_USAGE = YES_ERROR;
				CLANG_WARN_DOCUMENTATION_COMMENTS = YES;
				CLANG_WARN_EMPTY_BODY = YES;
				CLANG_WARN_ENUM_CONVERSION = YES;
				CLANG_WARN_INFINITE_RECURSION = YES;
				CLANG_WARN_INT_CONVERSION = YES;
				CLANG_WARN_NON_LITERAL_NULL_CONVERSION = YES;
				CLANG_WARN_OBJC_IMPLICIT_RETAIN_SELF = YES;
				CLANG_WARN_OBJC_LITERAL_CONVERSION = YES;
				CLANG_WARN_OBJC_ROOT_CLASS = YES_ERROR;
				CLANG_WARN_QUOTED_INCLUDE_IN_FRAMEWORK_HEADER = YES;
				CLANG_WARN_RANGE_LOOP_ANALYSIS = YES;
				CLANG_WARN_STRICT_PROTOTYPES = YES;
				CLANG_WARN_SUSPICIOUS_MOVE = YES;
				CLANG_WARN_UNGUARDED_AVAILABILITY = YES_AGGRESSIVE;
				CLANG_WARN_UNREACHABLE_CODE = YES;
				CLANG_WARN__DUPLICATE_METHOD_MATCH = YES;
				COPY_PHASE_STRIP = NO;
				DEBUG_INFORMATION_FORMAT = dwarf;
				ENABLE_STRICT_OBJC_MSGSEND = YES;
				ENABLE_TESTABILITY = YES;
				GCC_C_LANGUAGE_STANDARD = gnu11;
				GCC_DYNAMIC_NO_PIC = NO;
				GCC_NO_COMMON_BLOCKS = YES;
				GCC_OPTIMIZATION_LEVEL = 0;
				GCC_PREPROCESSOR_DEFINITIONS = (
					"DEBUG=1",
					"$(inherited)",
				);
				GCC_WARN_64_TO_32_BIT_CONVERSION = YES;
				GCC_WARN_ABOUT_RETURN_TYPE = YES_ERROR;
				GCC_WARN_UNDECLARED_SELECTOR = YES;
				GCC_WARN_UNINITIALIZED_AUTOS = YES_AGGRESSIVE;
				GCC_WARN_UNUSED_FUNCTION = YES;
				GCC_WARN_UNUSED_VARIABLE = YES;
				MACOSX_DEPLOYMENT_TARGET = 13.0;
				MTL_ENABLE_DEBUG_INFO = INCLUDE_SOURCE;
				MTL_FAST_MATH = YES;
				ONLY_ACTIVE_ARCH = YES;
				SDKROOT = macosx;
				SWIFT_ACTIVE_COMPILATION_CONDITIONS = DEBUG;
				SWIFT_OPTIMIZATION_LEVEL = "-Onone";
			};
			name = Debug;
		};
		944F5AF029A2B5FA006CE429 /* Release */ = {
			isa = XCBuildConfiguration;
			buildSettings = {
				ALWAYS_SEARCH_USER_PATHS = NO;
				CLANG_ANALYZER_NONNULL = YES;
				CLANG_ANALYZER_NUMBER_OBJECT_CONVERSION = YES_AGGRESSIVE;
				CLANG_CXX_LANGUAGE_STANDARD = "gnu++20";
				CLANG_ENABLE_MODULES = YES;
				CLANG_ENABLE_OBJC_ARC = YES;
				CLANG_ENABLE_OBJC_WEAK = YES;
				CLANG_WARN_BLOCK_CAPTURE_AUTORELEASING = YES;
				CLANG_WARN_BOOL_CONVERSION = YES;
				CLANG_WARN_COMMA = YES;
				CLANG_WARN_CONSTANT_CONVERSION = YES;
				CLANG_WARN_DEPRECATED_OBJC_IMPLEMENTATIONS = YES;
				CLANG_WARN_DIRECT_OBJC_ISA_USAGE = YES_ERROR;
				CLANG_WARN_DOCUMENTATION_COMMENTS = YES;
				CLANG_WARN_EMPTY_BODY = YES;
				CLANG_WARN_ENUM_CONVERSION = YES;
				CLANG_WARN_INFINITE_RECURSION = YES;
				CLANG_WARN_INT_CONVERSION = YES;
				CLANG_WARN_NON_LITERAL_NULL_CONVERSION = YES;
				CLANG_WARN_OBJC_IMPLICIT_RETAIN_SELF = YES;
				CLANG_WARN_OBJC_LITERAL_CONVERSION = YES;
				CLANG_WARN_OBJC_ROOT_CLASS = YES_ERROR;
				CLANG_WARN_QUOTED_INCLUDE_IN_FRAMEWORK_HEADER = YES;
				CLANG_WARN_RANGE_LOOP_ANALYSIS = YES;
				CLANG_WARN_STRICT_PROTOTYPES = YES;
				CLANG_WARN_SUSPICIOUS_MOVE = YES;
				CLANG_WARN_UNGUARDED_AVAILABILITY = YES_AGGRESSIVE;
				CLANG_WARN_UNREACHABLE_CODE = YES;
				CLANG_WARN__DUPLICATE_METHOD_MATCH = YES;
				COPY_PHASE_STRIP = NO;
				DEBUG_INFORMATION_FORMAT = "dwarf-with-dsym";
				ENABLE_NS_ASSERTIONS = NO;
				ENABLE_STRICT_OBJC_MSGSEND = YES;
				GCC_C_LANGUAGE_STANDARD = gnu11;
				GCC_NO_COMMON_BLOCKS = YES;
				GCC_WARN_64_TO_32_BIT_CONVERSION = YES;
				GCC_WARN_ABOUT_RETURN_TYPE = YES_ERROR;
				GCC_WARN_UNDECLARED_SELECTOR = YES;
				GCC_WARN_UNINITIALIZED_AUTOS = YES_AGGRESSIVE;
				GCC_WARN_UNUSED_FUNCTION = YES;
				GCC_WARN_UNUSED_VARIABLE = YES;
				MACOSX_DEPLOYMENT_TARGET = 13.0;
				MTL_ENABLE_DEBUG_INFO = NO;
				MTL_FAST_MATH = YES;
				SDKROOT = macosx;
				SWIFT_COMPILATION_MODE = wholemodule;
				SWIFT_OPTIMIZATION_LEVEL = "-O";
			};
			name = Release;
		};
		944F5AF229A2B5FA006CE429 /* Debug */ = {
			isa = XCBuildConfiguration;
			buildSettings = {
				ASSETCATALOG_COMPILER_APPICON_NAME = AppIcon;
				ASSETCATALOG_COMPILER_GLOBAL_ACCENT_COLOR_NAME = AccentColor;
				CODE_SIGN_ENTITLEMENTS = "StormViewer-Macos/StormViewer_Macos.entitlements";
				CODE_SIGN_STYLE = Automatic;
				COMBINE_HIDPI_IMAGES = YES;
				CURRENT_PROJECT_VERSION = 1;
				GENERATE_INFOPLIST_FILE = YES;
				INFOPLIST_KEY_NSHumanReadableCopyright = "";
				INFOPLIST_KEY_NSMainStoryboardFile = Main;
				INFOPLIST_KEY_NSPrincipalClass = NSApplication;
				LD_RUNPATH_SEARCH_PATHS = (
					"$(inherited)",
					"@executable_path/../Frameworks",
				);
				MACOSX_DEPLOYMENT_TARGET = 10.15;
				MARKETING_VERSION = 1.0;
				PRODUCT_BUNDLE_IDENTIFIER = "com.sadikcoban.StormViewer-Macos";
				PRODUCT_NAME = "$(TARGET_NAME)";
				SWIFT_EMIT_LOC_STRINGS = YES;
				SWIFT_VERSION = 5.0;
			};
			name = Debug;
		};
		944F5AF329A2B5FA006CE429 /* Release */ = {
			isa = XCBuildConfiguration;
			buildSettings = {
				ASSETCATALOG_COMPILER_APPICON_NAME = AppIcon;
				ASSETCATALOG_COMPILER_GLOBAL_ACCENT_COLOR_NAME = AccentColor;
				CODE_SIGN_ENTITLEMENTS = "StormViewer-Macos/StormViewer_Macos.entitlements";
				CODE_SIGN_STYLE = Automatic;
				COMBINE_HIDPI_IMAGES = YES;
				CURRENT_PROJECT_VERSION = 1;
				GENERATE_INFOPLIST_FILE = YES;
				INFOPLIST_KEY_NSHumanReadableCopyright = "";
				INFOPLIST_KEY_NSMainStoryboardFile = Main;
				INFOPLIST_KEY_NSPrincipalClass = NSApplication;
				LD_RUNPATH_SEARCH_PATHS = (
					"$(inherited)",
					"@executable_path/../Frameworks",
				);
				MACOSX_DEPLOYMENT_TARGET = 10.15;
				MARKETING_VERSION = 1.0;
				PRODUCT_BUNDLE_IDENTIFIER = "com.sadikcoban.StormViewer-Macos";
				PRODUCT_NAME = "$(TARGET_NAME)";
				SWIFT_EMIT_LOC_STRINGS = YES;
				SWIFT_VERSION = 5.0;
			};
			name = Release;
		};
/* End XCBuildConfiguration section */

/* Begin XCConfigurationList section */
		944F5ADD29A2B5F9006CE429 /* Build configuration list for PBXProject "StormViewer-Macos" */ = {
			isa = XCConfigurationList;
			buildConfigurations = (
				944F5AEF29A2B5FA006CE429 /* Debug */,
				944F5AF029A2B5FA006CE429 /* Release */,
			);
			defaultConfigurationIsVisible = 0;
			defaultConfigurationName = Release;
		};
		944F5AF129A2B5FA006CE429 /* Build configuration list for PBXNativeTarget "StormViewer-Macos" */ = {
			isa = XCConfigurationList;
			buildConfigurations = (
				944F5AF229A2B5FA006CE429 /* Debug */,
				944F5AF329A2B5FA006CE429 /* Release */,
			);
			defaultConfigurationIsVisible = 0;
			defaultConfigurationName = Release;
		};
/* End XCConfigurationList section */
	};
	rootObject = 944F5ADA29A2B5F9006CE429 /* Project object */;
}
